
Microsoft Visual Studio Solution File, Format Version 12.00
# Visual Studio Version 17
VisualStudioVersion = 17.1.32421.90
MinimumVisualStudioVersion = 10.0.40219.1
Project("{FAE04EC0-301F-11D3-BF4B-00C04F79EFBC}") = "SOAPServicesApi", "SOAPServicesApi.csproj", "{BA32D854-C8DF-4FE9-B078-1C9CF00E12FD}"
EndProject
Global
	GlobalSection(SolutionConfigurationPlatforms) = preSolution
		Debug|Any CPU = Debug|Any CPU
		Release|Any CPU = Release|Any CPU
	EndGlobalSection
	GlobalSection(ProjectConfigurationPlatforms) = postSolution
		{BA32D854-C8DF-4FE9-B078-1C9CF00E12FD}.Debug|Any CPU.ActiveCfg = Debug|Any CPU
		{BA32D854-C8DF-4FE9-B078-1C9CF00E12FD}.Debug|Any CPU.Build.0 = Debug|Any CPU
		{BA32D854-C8DF-4FE9-B078-1C9CF00E12FD}.Release|Any CPU.ActiveCfg = Release|Any CPU
		{BA32D854-C8DF-4FE9-B078-1C9CF00E12FD}.Release|Any CPU.Build.0 = Release|Any CPU
	EndGlobalSection
	GlobalSection(SolutionProperties) = preSolution
		HideSolutionNode = FALSE
	EndGlobalSection
	GlobalSection(ExtensibilityGlobals) = postSolution
		SolutionGuid = {0C8DA980-6805-4734-B713-B21393A9356A}
	EndGlobalSection
EndGlobal
